
Microsoft Visual Studio Solution File, Format Version 12.00
# Visual Studio 2013
VisualStudioVersion = 12.0.40629.0
MinimumVisualStudioVersion = 10.0.40219.1
Project("{FAE04EC0-301F-11D3-BF4B-00C04F79EFBC}") = "kingrowla", "kingrowla\kingrowla.csproj", "{09E62AA8-B028-42B4-9062-1F9681D2E492}"
EndProject
Project("{FAE04EC0-301F-11D3-BF4B-00C04F79EFBC}") = "kingrowla.Tests", "kingrowla.Tests\kingrowla.Tests.csproj", "{70603E2A-C7B4-4F48-8B85-98729926CCC9}"
EndProject
Global
	GlobalSection(SolutionConfigurationPlatforms) = preSolution
		Debug|Any CPU = Debug|Any CPU
		Release|Any CPU = Release|Any CPU
	EndGlobalSection
	GlobalSection(ProjectConfigurationPlatforms) = postSolution
		{09E62AA8-B028-42B4-9062-1F9681D2E492}.Debug|Any CPU.ActiveCfg = Debug|Any CPU
		{09E62AA8-B028-42B4-9062-1F9681D2E492}.Debug|Any CPU.Build.0 = Debug|Any CPU
		{09E62AA8-B028-42B4-9062-1F9681D2E492}.Release|Any CPU.ActiveCfg = Release|Any CPU
		{09E62AA8-B028-42B4-9062-1F9681D2E492}.Release|Any CPU.Build.0 = Release|Any CPU
		{70603E2A-C7B4-4F48-8B85-98729926CCC9}.Debug|Any CPU.ActiveCfg = Debug|Any CPU
		{70603E2A-C7B4-4F48-8B85-98729926CCC9}.Debug|Any CPU.Build.0 = Debug|Any CPU
		{70603E2A-C7B4-4F48-8B85-98729926CCC9}.Release|Any CPU.ActiveCfg = Release|Any CPU
		{70603E2A-C7B4-4F48-8B85-98729926CCC9}.Release|Any CPU.Build.0 = Release|Any CPU
	EndGlobalSection
	GlobalSection(SolutionProperties) = preSolution
		HideSolutionNode = FALSE
	EndGlobalSection
EndGlobal
